
Microsoft Visual Studio Solution File, Format Version 11.00
# Visual Studio 2010
Project("{FAE04EC0-301F-11D3-BF4B-00C04F79EFBC}") = "SoccerBallsPyramid", "DataCash.SoccerBallsPyramid\SoccerBallsPyramid.csproj", "{8011F3FE-AC26-42A9-BE84-A2822EF270FD}"
EndProject
Project("{FAE04EC0-301F-11D3-BF4B-00C04F79EFBC}") = "SoccerBallsPyramid.Tests", "DataCash.SoccerBallsPyramid.Tests\SoccerBallsPyramid.Tests.csproj", "{7950E5E8-2D55-4218-91FF-DCD3FD328B02}"
EndProject
Global
	GlobalSection(SolutionConfigurationPlatforms) = preSolution
		Debug|Any CPU = Debug|Any CPU
		Debug|Mixed Platforms = Debug|Mixed Platforms
		Debug|x86 = Debug|x86
		Release|Any CPU = Release|Any CPU
		Release|Mixed Platforms = Release|Mixed Platforms
		Release|x86 = Release|x86
	EndGlobalSection
	GlobalSection(ProjectConfigurationPlatforms) = postSolution
		{8011F3FE-AC26-42A9-BE84-A2822EF270FD}.Debug|Any CPU.ActiveCfg = Debug|x86
		{8011F3FE-AC26-42A9-BE84-A2822EF270FD}.Debug|Mixed Platforms.ActiveCfg = Debug|x86
		{8011F3FE-AC26-42A9-BE84-A2822EF270FD}.Debug|Mixed Platforms.Build.0 = Debug|x86
		{8011F3FE-AC26-42A9-BE84-A2822EF270FD}.Debug|x86.ActiveCfg = Debug|x86
		{8011F3FE-AC26-42A9-BE84-A2822EF270FD}.Debug|x86.Build.0 = Debug|x86
		{8011F3FE-AC26-42A9-BE84-A2822EF270FD}.Release|Any CPU.ActiveCfg = Release|x86
		{8011F3FE-AC26-42A9-BE84-A2822EF270FD}.Release|Mixed Platforms.ActiveCfg = Release|x86
		{8011F3FE-AC26-42A9-BE84-A2822EF270FD}.Release|Mixed Platforms.Build.0 = Release|x86
		{8011F3FE-AC26-42A9-BE84-A2822EF270FD}.Release|x86.ActiveCfg = Release|x86
		{8011F3FE-AC26-42A9-BE84-A2822EF270FD}.Release|x86.Build.0 = Release|x86
		{7950E5E8-2D55-4218-91FF-DCD3FD328B02}.Debug|Any CPU.ActiveCfg = Debug|Any CPU
		{7950E5E8-2D55-4218-91FF-DCD3FD328B02}.Debug|Any CPU.Build.0 = Debug|Any CPU
		{7950E5E8-2D55-4218-91FF-DCD3FD328B02}.Debug|Mixed Platforms.ActiveCfg = Debug|Any CPU
		{7950E5E8-2D55-4218-91FF-DCD3FD328B02}.Debug|Mixed Platforms.Build.0 = Debug|Any CPU
		{7950E5E8-2D55-4218-91FF-DCD3FD328B02}.Debug|x86.ActiveCfg = Debug|Any CPU
		{7950E5E8-2D55-4218-91FF-DCD3FD328B02}.Release|Any CPU.ActiveCfg = Release|Any CPU
		{7950E5E8-2D55-4218-91FF-DCD3FD328B02}.Release|Any CPU.Build.0 = Release|Any CPU
		{7950E5E8-2D55-4218-91FF-DCD3FD328B02}.Release|Mixed Platforms.ActiveCfg = Release|Any CPU
		{7950E5E8-2D55-4218-91FF-DCD3FD328B02}.Release|Mixed Platforms.Build.0 = Release|Any CPU
		{7950E5E8-2D55-4218-91FF-DCD3FD328B02}.Release|x86.ActiveCfg = Release|Any CPU
	EndGlobalSection
	GlobalSection(SolutionProperties) = preSolution
		HideSolutionNode = FALSE
	EndGlobalSection
EndGlobal
